// !$*UTF8*$!
{
	archiveVersion = 1;
	classes = {
	};
	objectVersion = 56;
	objects = {

/* Begin PBXBuildFile section */
		8EB5DD7D2BC14AFF00B38BB5 /* OpenDEEZ_ControllerApp.swift in Sources */ = {isa = PBXBuildFile; fileRef = 8EB5DD7C2BC14AFF00B38BB5 /* OpenDEEZ_ControllerApp.swift */; };
		8EB5DD7F2BC14AFF00B38BB5 /* ContentView.swift in Sources */ = {isa = PBXBuildFile; fileRef = 8EB5DD7E2BC14AFF00B38BB5 /* ContentView.swift */; };
		8EB5DD812BC14B0000B38BB5 /* Assets.xcassets in Resources */ = {isa = PBXBuildFile; fileRef = 8EB5DD802BC14B0000B38BB5 /* Assets.xcassets */; };
		8EB5DD842BC14B0000B38BB5 /* Preview Assets.xcassets in Resources */ = {isa = PBXBuildFile; fileRef = 8EB5DD832BC14B0000B38BB5 /* Preview Assets.xcassets */; };
		8EB5DD8E2BC14B0000B38BB5 /* OpenDEEZ_ControllerTests.swift in Sources */ = {isa = PBXBuildFile; fileRef = 8EB5DD8D2BC14B0000B38BB5 /* OpenDEEZ_ControllerTests.swift */; };
		8EB5DD982BC14B0000B38BB5 /* OpenDEEZ_ControllerUITests.swift in Sources */ = {isa = PBXBuildFile; fileRef = 8EB5DD972BC14B0000B38BB5 /* OpenDEEZ_ControllerUITests.swift */; };
		8EB5DD9A2BC14B0000B38BB5 /* OpenDEEZ_ControllerUITestsLaunchTests.swift in Sources */ = {isa = PBXBuildFile; fileRef = 8EB5DD992BC14B0000B38BB5 /* OpenDEEZ_ControllerUITestsLaunchTests.swift */; };
/* End PBXBuildFile section */

/* Begin PBXContainerItemProxy section */
		8EB5DD8A2BC14B0000B38BB5 /* PBXContainerItemProxy */ = {
			isa = PBXContainerItemProxy;
			containerPortal = 8EB5DD712BC14AFF00B38BB5 /* Project object */;
			proxyType = 1;
			remoteGlobalIDString = 8EB5DD782BC14AFF00B38BB5;
			remoteInfo = "OpenDEEZ Controller";
		};
		8EB5DD942BC14B0000B38BB5 /* PBXContainerItemProxy */ = {
			isa = PBXContainerItemProxy;
			containerPortal = 8EB5DD712BC14AFF00B38BB5 /* Project object */;
			proxyType = 1;
			remoteGlobalIDString = 8EB5DD782BC14AFF00B38BB5;
			remoteInfo = "OpenDEEZ Controller";
		};
/* End PBXContainerItemProxy section */

/* Begin PBXFileReference section */
		8EB5DD792BC14AFF00B38BB5 /* OpenDEEZ Controller.app */ = {isa = PBXFileReference; explicitFileType = wrapper.application; includeInIndex = 0; path = "OpenDEEZ Controller.app"; sourceTree = BUILT_PRODUCTS_DIR; };
		8EB5DD7C2BC14AFF00B38BB5 /* OpenDEEZ_ControllerApp.swift */ = {isa = PBXFileReference; lastKnownFileType = sourcecode.swift; path = OpenDEEZ_ControllerApp.swift; sourceTree = "<group>"; };
		8EB5DD7E2BC14AFF00B38BB5 /* ContentView.swift */ = {isa = PBXFileReference; lastKnownFileType = sourcecode.swift; path = ContentView.swift; sourceTree = "<group>"; };
		8EB5DD802BC14B0000B38BB5 /* Assets.xcassets */ = {isa = PBXFileReference; lastKnownFileType = folder.assetcatalog; path = Assets.xcassets; sourceTree = "<group>"; };
		8EB5DD832BC14B0000B38BB5 /* Preview Assets.xcassets */ = {isa = PBXFileReference; lastKnownFileType = folder.assetcatalog; path = "Preview Assets.xcassets"; sourceTree = "<group>"; };
		8EB5DD892BC14B0000B38BB5 /* OpenDEEZ ControllerTests.xctest */ = {isa = PBXFileReference; explicitFileType = wrapper.cfbundle; includeInIndex = 0; path = "OpenDEEZ ControllerTests.xctest"; sourceTree = BUILT_PRODUCTS_DIR; };
		8EB5DD8D2BC14B0000B38BB5 /* OpenDEEZ_ControllerTests.swift */ = {isa = PBXFileReference; lastKnownFileType = sourcecode.swift; path = OpenDEEZ_ControllerTests.swift; sourceTree = "<group>"; };
		8EB5DD932BC14B0000B38BB5 /* OpenDEEZ ControllerUITests.xctest */ = {isa = PBXFileReference; explicitFileType = wrapper.cfbundle; includeInIndex = 0; path = "OpenDEEZ ControllerUITests.xctest"; sourceTree = BUILT_PRODUCTS_DIR; };
		8EB5DD972BC14B0000B38BB5 /* OpenDEEZ_ControllerUITests.swift */ = {isa = PBXFileReference; lastKnownFileType = sourcecode.swift; path = OpenDEEZ_ControllerUITests.swift; sourceTree = "<group>"; };
		8EB5DD992BC14B0000B38BB5 /* OpenDEEZ_ControllerUITestsLaunchTests.swift */ = {isa = PBXFileReference; lastKnownFileType = sourcecode.swift; path = OpenDEEZ_ControllerUITestsLaunchTests.swift; sourceTree = "<group>"; };
/* End PBXFileReference section */

/* Begin PBXFrameworksBuildPhase section */
		8EB5DD762BC14AFF00B38BB5 /* Frameworks */ = {
			isa = PBXFrameworksBuildPhase;
			buildActionMask = 2147483647;
			files = (
			);
			runOnlyForDeploymentPostprocessing = 0;
		};
		8EB5DD862BC14B0000B38BB5 /* Frameworks */ = {
			isa = PBXFrameworksBuildPhase;
			buildActionMask = 2147483647;
			files = (
			);
			runOnlyForDeploymentPostprocessing = 0;
		};
		8EB5DD902BC14B0000B38BB5 /* Frameworks */ = {
			isa = PBXFrameworksBuildPhase;
			buildActionMask = 2147483647;
			files = (
			);
			runOnlyForDeploymentPostprocessing = 0;
		};
/* End PBXFrameworksBuildPhase section */

/* Begin PBXGroup section */
		8EB5DD702BC14AFF00B38BB5 = {
			isa = PBXGroup;
			children = (
				8EB5DD7B2BC14AFF00B38BB5 /* OpenDEEZ Controller */,
				8EB5DD8C2BC14B0000B38BB5 /* OpenDEEZ ControllerTests */,
				8EB5DD962BC14B0000B38BB5 /* OpenDEEZ ControllerUITests */,
				8EB5DD7A2BC14AFF00B38BB5 /* Products */,
			);
			sourceTree = "<group>";
		};
		8EB5DD7A2BC14AFF00B38BB5 /* Products */ = {
			isa = PBXGroup;
			children = (
				8EB5DD792BC14AFF00B38BB5 /* OpenDEEZ Controller.app */,
				8EB5DD892BC14B0000B38BB5 /* OpenDEEZ ControllerTests.xctest */,
				8EB5DD932BC14B0000B38BB5 /* OpenDEEZ ControllerUITests.xctest */,
			);
			name = Products;
			sourceTree = "<group>";
		};
		8EB5DD7B2BC14AFF00B38BB5 /* OpenDEEZ Controller */ = {
			isa = PBXGroup;
			children = (
				8EB5DD7C2BC14AFF00B38BB5 /* OpenDEEZ_ControllerApp.swift */,
				8EB5DD7E2BC14AFF00B38BB5 /* ContentView.swift */,
				8EB5DD802BC14B0000B38BB5 /* Assets.xcassets */,
				8EB5DD822BC14B0000B38BB5 /* Preview Content */,
			);
			path = "OpenDEEZ Controller";
			sourceTree = "<group>";
		};
		8EB5DD822BC14B0000B38BB5 /* Preview Content */ = {
			isa = PBXGroup;
			children = (
				8EB5DD832BC14B0000B38BB5 /* Preview Assets.xcassets */,
			);
			path = "Preview Content";
			sourceTree = "<group>";
		};
		8EB5DD8C2BC14B0000B38BB5 /* OpenDEEZ ControllerTests */ = {
			isa = PBXGroup;
			children = (
				8EB5DD8D2BC14B0000B38BB5 /* OpenDEEZ_ControllerTests.swift */,
			);
			path = "OpenDEEZ ControllerTests";
			sourceTree = "<group>";
		};
		8EB5DD962BC14B0000B38BB5 /* OpenDEEZ ControllerUITests */ = {
			isa = PBXGroup;
			children = (
				8EB5DD972BC14B0000B38BB5 /* OpenDEEZ_ControllerUITests.swift */,
				8EB5DD992BC14B0000B38BB5 /* OpenDEEZ_ControllerUITestsLaunchTests.swift */,
			);
			path = "OpenDEEZ ControllerUITests";
			sourceTree = "<group>";
		};
/* End PBXGroup section */

/* Begin PBXNativeTarget section */
		8EB5DD782BC14AFF00B38BB5 /* OpenDEEZ Controller */ = {
			isa = PBXNativeTarget;
			buildConfigurationList = 8EB5DD9D2BC14B0000B38BB5 /* Build configuration list for PBXNativeTarget "OpenDEEZ Controller" */;
			buildPhases = (
				8EB5DD752BC14AFF00B38BB5 /* Sources */,
				8EB5DD762BC14AFF00B38BB5 /* Frameworks */,
				8EB5DD772BC14AFF00B38BB5 /* Resources */,
			);
			buildRules = (
			);
			dependencies = (
			);
			name = "OpenDEEZ Controller";
			productName = "OpenDEEZ Controller";
			productReference = 8EB5DD792BC14AFF00B38BB5 /* OpenDEEZ Controller.app */;
			productType = "com.apple.product-type.application";
		};
		8EB5DD882BC14B0000B38BB5 /* OpenDEEZ ControllerTests */ = {
			isa = PBXNativeTarget;
			buildConfigurationList = 8EB5DDA02BC14B0000B38BB5 /* Build configuration list for PBXNativeTarget "OpenDEEZ ControllerTests" */;
			buildPhases = (
				8EB5DD852BC14B0000B38BB5 /* Sources */,
				8EB5DD862BC14B0000B38BB5 /* Frameworks */,
				8EB5DD872BC14B0000B38BB5 /* Resources */,
			);
			buildRules = (
			);
			dependencies = (
				8EB5DD8B2BC14B0000B38BB5 /* PBXTargetDependency */,
			);
			name = "OpenDEEZ ControllerTests";
			productName = "OpenDEEZ ControllerTests";
			productReference = 8EB5DD892BC14B0000B38BB5 /* OpenDEEZ ControllerTests.xctest */;
			productType = "com.apple.product-type.bundle.unit-test";
		};
		8EB5DD922BC14B0000B38BB5 /* OpenDEEZ ControllerUITests */ = {
			isa = PBXNativeTarget;
			buildConfigurationList = 8EB5DDA32BC14B0000B38BB5 /* Build configuration list for PBXNativeTarget "OpenDEEZ ControllerUITests" */;
			buildPhases = (
				8EB5DD8F2BC14B0000B38BB5 /* Sources */,
				8EB5DD902BC14B0000B38BB5 /* Frameworks */,
				8EB5DD912BC14B0000B38BB5 /* Resources */,
			);
			buildRules = (
			);
			dependencies = (
				8EB5DD952BC14B0000B38BB5 /* PBXTargetDependency */,
			);
			name = "OpenDEEZ ControllerUITests";
			productName = "OpenDEEZ ControllerUITests";
			productReference = 8EB5DD932BC14B0000B38BB5 /* OpenDEEZ ControllerUITests.xctest */;
			productType = "com.apple.product-type.bundle.ui-testing";
		};
/* End PBXNativeTarget section */

/* Begin PBXProject section */
		8EB5DD712BC14AFF00B38BB5 /* Project object */ = {
			isa = PBXProject;
			attributes = {
				BuildIndependentTargetsInParallel = 1;
				LastSwiftUpdateCheck = 1530;
				LastUpgradeCheck = 1530;
				TargetAttributes = {
					8EB5DD782BC14AFF00B38BB5 = {
						CreatedOnToolsVersion = 15.3;
					};
					8EB5DD882BC14B0000B38BB5 = {
						CreatedOnToolsVersion = 15.3;
						TestTargetID = 8EB5DD782BC14AFF00B38BB5;
					};
					8EB5DD922BC14B0000B38BB5 = {
						CreatedOnToolsVersion = 15.3;
						TestTargetID = 8EB5DD782BC14AFF00B38BB5;
					};
				};
			};
			buildConfigurationList = 8EB5DD742BC14AFF00B38BB5 /* Build configuration list for PBXProject "OpenDEEZ Controller" */;
			compatibilityVersion = "Xcode 14.0";
			developmentRegion = en;
			hasScannedForEncodings = 0;
			knownRegions = (
				en,
				Base,
			);
			mainGroup = 8EB5DD702BC14AFF00B38BB5;
			productRefGroup = 8EB5DD7A2BC14AFF00B38BB5 /* Products */;
			projectDirPath = "";
			projectRoot = "";
			targets = (
				8EB5DD782BC14AFF00B38BB5 /* OpenDEEZ Controller */,
				8EB5DD882BC14B0000B38BB5 /* OpenDEEZ ControllerTests */,
				8EB5DD922BC14B0000B38BB5 /* OpenDEEZ ControllerUITests */,
			);
		};
/* End PBXProject section */

/* Begin PBXResourcesBuildPhase section */
		8EB5DD772BC14AFF00B38BB5 /* Resources */ = {
			isa = PBXResourcesBuildPhase;
			buildActionMask = 2147483647;
			files = (
				8EB5DD842BC14B0000B38BB5 /* Preview Assets.xcassets in Resources */,
				8EB5DD812BC14B0000B38BB5 /* Assets.xcassets in Resources */,
			);
			runOnlyForDeploymentPostprocessing = 0;
		};
		8EB5DD872BC14B0000B38BB5 /* Resources */ = {
			isa = PBXResourcesBuildPhase;
			buildActionMask = 2147483647;
			files = (
			);
			runOnlyForDeploymentPostprocessing = 0;
		};
		8EB5DD912BC14B0000B38BB5 /* Resources */ = {
			isa = PBXResourcesBuildPhase;
			buildActionMask = 2147483647;
			files = (
			);
			runOnlyForDeploymentPostprocessing = 0;
		};
/* End PBXResourcesBuildPhase section */

/* Begin PBXSourcesBuildPhase section */
		8EB5DD752BC14AFF00B38BB5 /* Sources */ = {
			isa = PBXSourcesBuildPhase;
			buildActionMask = 2147483647;
			files = (
				8EB5DD7F2BC14AFF00B38BB5 /* ContentView.swift in Sources */,
				8EB5DD7D2BC14AFF00B38BB5 /* OpenDEEZ_ControllerApp.swift in Sources */,
			);
			runOnlyForDeploymentPostprocessing = 0;
		};
		8EB5DD852BC14B0000B38BB5 /* Sources */ = {
			isa = PBXSourcesBuildPhase;
			buildActionMask = 2147483647;
			files = (
				8EB5DD8E2BC14B0000B38BB5 /* OpenDEEZ_ControllerTests.swift in Sources */,
			);
			runOnlyForDeploymentPostprocessing = 0;
		};
		8EB5DD8F2BC14B0000B38BB5 /* Sources */ = {
			isa = PBXSourcesBuildPhase;
			buildActionMask = 2147483647;
			files = (
				8EB5DD9A2BC14B0000B38BB5 /* OpenDEEZ_ControllerUITestsLaunchTests.swift in Sources */,
				8EB5DD982BC14B0000B38BB5 /* OpenDEEZ_ControllerUITests.swift in Sources */,
			);
			runOnlyForDeploymentPostprocessing = 0;
		};
/* End PBXSourcesBuildPhase section */

/* Begin PBXTargetDependency section */
		8EB5DD8B2BC14B0000B38BB5 /* PBXTargetDependency */ = {
			isa = PBXTargetDependency;
			target = 8EB5DD782BC14AFF00B38BB5 /* OpenDEEZ Controller */;
			targetProxy = 8EB5DD8A2BC14B0000B38BB5 /* PBXContainerItemProxy */;
		};
		8EB5DD952BC14B0000B38BB5 /* PBXTargetDependency */ = {
			isa = PBXTargetDependency;
			target = 8EB5DD782BC14AFF00B38BB5 /* OpenDEEZ Controller */;
			targetProxy = 8EB5DD942BC14B0000B38BB5 /* PBXContainerItemProxy */;
		};
/* End PBXTargetDependency section */

/* Begin XCBuildConfiguration section */
		8EB5DD9B2BC14B0000B38BB5 /* Debug */ = {
			isa = XCBuildConfiguration;
			buildSettings = {
				ALWAYS_SEARCH_USER_PATHS = NO;
				ASSETCATALOG_COMPILER_GENERATE_SWIFT_ASSET_SYMBOL_EXTENSIONS = YES;
				CLANG_ANALYZER_NONNULL = YES;
				CLANG_ANALYZER_NUMBER_OBJECT_CONVERSION = YES_AGGRESSIVE;
				CLANG_CXX_LANGUAGE_STANDARD = "gnu++20";
				CLANG_ENABLE_MODULES = YES;
				CLANG_ENABLE_OBJC_ARC = YES;
				CLANG_ENABLE_OBJC_WEAK = YES;
				CLANG_WARN_BLOCK_CAPTURE_AUTORELEASING = YES;
				CLANG_WARN_BOOL_CONVERSION = YES;
				CLANG_WARN_COMMA = YES;
				CLANG_WARN_CONSTANT_CONVERSION = YES;
				CLANG_WARN_DEPRECATED_OBJC_IMPLEMENTATIONS = YES;
				CLANG_WARN_DIRECT_OBJC_ISA_USAGE = YES_ERROR;
				CLANG_WARN_DOCUMENTATION_COMMENTS = YES;
				CLANG_WARN_EMPTY_BODY = YES;
				CLANG_WARN_ENUM_CONVERSION = YES;
				CLANG_WARN_INFINITE_RECURSION = YES;
				CLANG_WARN_INT_CONVERSION = YES;
				CLANG_WARN_NON_LITERAL_NULL_CONVERSION = YES;
				CLANG_WARN_OBJC_IMPLICIT_RETAIN_SELF = YES;
				CLANG_WARN_OBJC_LITERAL_CONVERSION = YES;
				CLANG_WARN_OBJC_ROOT_CLASS = YES_ERROR;
				CLANG_WARN_QUOTED_INCLUDE_IN_FRAMEWORK_HEADER = YES;
				CLANG_WARN_RANGE_LOOP_ANALYSIS = YES;
				CLANG_WARN_STRICT_PROTOTYPES = YES;
				CLANG_WARN_SUSPICIOUS_MOVE = YES;
				CLANG_WARN_UNGUARDED_AVAILABILITY = YES_AGGRESSIVE;
				CLANG_WARN_UNREACHABLE_CODE = YES;
				CLANG_WARN__DUPLICATE_METHOD_MATCH = YES;
				CODE_SIGN_IDENTITY = "";
				COPY_PHASE_STRIP = NO;
				DEBUG_INFORMATION_FORMAT = dwarf;
				ENABLE_STRICT_OBJC_MSGSEND = YES;
				ENABLE_TESTABILITY = YES;
				ENABLE_USER_SCRIPT_SANDBOXING = YES;
				GCC_C_LANGUAGE_STANDARD = gnu17;
				GCC_DYNAMIC_NO_PIC = NO;
				GCC_NO_COMMON_BLOCKS = YES;
				GCC_OPTIMIZATION_LEVEL = 0;
				GCC_PREPROCESSOR_DEFINITIONS = (
					"DEBUG=1",
					"$(inherited)",
				);
				GCC_WARN_64_TO_32_BIT_CONVERSION = YES;
				GCC_WARN_ABOUT_RETURN_TYPE = YES_ERROR;
				GCC_WARN_UNDECLARED_SELECTOR = YES;
				GCC_WARN_UNINITIALIZED_AUTOS = YES_AGGRESSIVE;
				GCC_WARN_UNUSED_FUNCTION = YES;
				GCC_WARN_UNUSED_VARIABLE = YES;
				IPHONEOS_DEPLOYMENT_TARGET = 17.4;
				LOCALIZATION_PREFERS_STRING_CATALOGS = YES;
				MTL_ENABLE_DEBUG_INFO = INCLUDE_SOURCE;
				MTL_FAST_MATH = YES;
				ONLY_ACTIVE_ARCH = YES;
				SDKROOT = iphoneos;
				SWIFT_ACTIVE_COMPILATION_CONDITIONS = "DEBUG $(inherited)";
				SWIFT_OPTIMIZATION_LEVEL = "-Onone";
			};
			name = Debug;
		};
		8EB5DD9C2BC14B0000B38BB5 /* Release */ = {
			isa = XCBuildConfiguration;
			buildSettings = {
				ALWAYS_SEARCH_USER_PATHS = NO;
				ASSETCATALOG_COMPILER_GENERATE_SWIFT_ASSET_SYMBOL_EXTENSIONS = YES;
				CLANG_ANALYZER_NONNULL = YES;
				CLANG_ANALYZER_NUMBER_OBJECT_CONVERSION = YES_AGGRESSIVE;
				CLANG_CXX_LANGUAGE_STANDARD = "gnu++20";
				CLANG_ENABLE_MODULES = YES;
				CLANG_ENABLE_OBJC_ARC = YES;
				CLANG_ENABLE_OBJC_WEAK = YES;
				CLANG_WARN_BLOCK_CAPTURE_AUTORELEASING = YES;
				CLANG_WARN_BOOL_CONVERSION = YES;
				CLANG_WARN_COMMA = YES;
				CLANG_WARN_CONSTANT_CONVERSION = YES;
				CLANG_WARN_DEPRECATED_OBJC_IMPLEMENTATIONS = YES;
				CLANG_WARN_DIRECT_OBJC_ISA_USAGE = YES_ERROR;
				CLANG_WARN_DOCUMENTATION_COMMENTS = YES;
				CLANG_WARN_EMPTY_BODY = YES;
				CLANG_WARN_ENUM_CONVERSION = YES;
				CLANG_WARN_INFINITE_RECURSION = YES;
				CLANG_WARN_INT_CONVERSION = YES;
				CLANG_WARN_NON_LITERAL_NULL_CONVERSION = YES;
				CLANG_WARN_OBJC_IMPLICIT_RETAIN_SELF = YES;
				CLANG_WARN_OBJC_LITERAL_CONVERSION = YES;
				CLANG_WARN_OBJC_ROOT_CLASS = YES_ERROR;
				CLANG_WARN_QUOTED_INCLUDE_IN_FRAMEWORK_HEADER = YES;
				CLANG_WARN_RANGE_LOOP_ANALYSIS = YES;
				CLANG_WARN_STRICT_PROTOTYPES = YES;
				CLANG_WARN_SUSPICIOUS_MOVE = YES;
				CLANG_WARN_UNGUARDED_AVAILABILITY = YES_AGGRESSIVE;
				CLANG_WARN_UNREACHABLE_CODE = YES;
				CLANG_WARN__DUPLICATE_METHOD_MATCH = YES;
				CODE_SIGN_IDENTITY = "";
				COPY_PHASE_STRIP = NO;
				DEBUG_INFORMATION_FORMAT = "dwarf-with-dsym";
				ENABLE_NS_ASSERTIONS = NO;
				ENABLE_STRICT_OBJC_MSGSEND = YES;
				ENABLE_USER_SCRIPT_SANDBOXING = YES;
				GCC_C_LANGUAGE_STANDARD = gnu17;
				GCC_NO_COMMON_BLOCKS = YES;
				GCC_WARN_64_TO_32_BIT_CONVERSION = YES;
				GCC_WARN_ABOUT_RETURN_TYPE = YES_ERROR;
				GCC_WARN_UNDECLARED_SELECTOR = YES;
				GCC_WARN_UNINITIALIZED_AUTOS = YES_AGGRESSIVE;
				GCC_WARN_UNUSED_FUNCTION = YES;
				GCC_WARN_UNUSED_VARIABLE = YES;
				IPHONEOS_DEPLOYMENT_TARGET = 17.4;
				LOCALIZATION_PREFERS_STRING_CATALOGS = YES;
				MTL_ENABLE_DEBUG_INFO = NO;
				MTL_FAST_MATH = YES;
				SDKROOT = iphoneos;
				SWIFT_COMPILATION_MODE = wholemodule;
				VALIDATE_PRODUCT = YES;
			};
			name = Release;
		};
		8EB5DD9E2BC14B0000B38BB5 /* Debug */ = {
			isa = XCBuildConfiguration;
			buildSettings = {
				ASSETCATALOG_COMPILER_APPICON_NAME = AppIcon;
				ASSETCATALOG_COMPILER_GLOBAL_ACCENT_COLOR_NAME = AccentColor;
				CODE_SIGNING_ALLOWED = NO;
				CODE_SIGN_IDENTITY = "";
				CODE_SIGN_STYLE = Manual;
				CURRENT_PROJECT_VERSION = 1;
				DEVELOPMENT_ASSET_PATHS = "\"OpenDEEZ Controller/Preview Content\"";
				DEVELOPMENT_TEAM = "";
				ENABLE_PREVIEWS = YES;
				GENERATE_INFOPLIST_FILE = YES;
				INFOPLIST_KEY_UIApplicationSceneManifest_Generation = YES;
				INFOPLIST_KEY_UIApplicationSupportsIndirectInputEvents = YES;
				INFOPLIST_KEY_UILaunchScreen_Generation = YES;
				INFOPLIST_KEY_UISupportedInterfaceOrientations_iPad = "UIInterfaceOrientationPortrait UIInterfaceOrientationPortraitUpsideDown UIInterfaceOrientationLandscapeLeft UIInterfaceOrientationLandscapeRight";
				INFOPLIST_KEY_UISupportedInterfaceOrientations_iPhone = "UIInterfaceOrientationPortrait UIInterfaceOrientationLandscapeLeft UIInterfaceOrientationLandscapeRight";
				IPHONEOS_DEPLOYMENT_TARGET = 17.0;
				LD_RUNPATH_SEARCH_PATHS = (
					"$(inherited)",
					"@executable_path/Frameworks",
				);
				MARKETING_VERSION = 1.0;
				PRODUCT_BUNDLE_IDENTIFIER = "com.proton0.OpenDEEZ-Controller";
				PRODUCT_NAME = "$(TARGET_NAME)";
				PROVISIONING_PROFILE_SPECIFIER = "";
				SWIFT_EMIT_LOC_STRINGS = YES;
				SWIFT_VERSION = 5.0;
				TARGETED_DEVICE_FAMILY = "1,2";
			};
			name = Debug;
		};
		8EB5DD9F2BC14B0000B38BB5 /* Release */ = {
			isa = XCBuildConfiguration;
			buildSettings = {
				ASSETCATALOG_COMPILER_APPICON_NAME = AppIcon;
				ASSETCATALOG_COMPILER_GLOBAL_ACCENT_COLOR_NAME = AccentColor;
				CODE_SIGNING_ALLOWED = NO;
				CODE_SIGN_IDENTITY = "";
				CODE_SIGN_STYLE = Manual;
				CURRENT_PROJECT_VERSION = 1;
				DEVELOPMENT_ASSET_PATHS = "\"OpenDEEZ Controller/Preview Content\"";
				DEVELOPMENT_TEAM = "";
				ENABLE_PREVIEWS = YES;
				GENERATE_INFOPLIST_FILE = YES;
				INFOPLIST_KEY_UIApplicationSceneManifest_Generation = YES;
				INFOPLIST_KEY_UIApplicationSupportsIndirectInputEvents = YES;
				INFOPLIST_KEY_UILaunchScreen_Generation = YES;
				INFOPLIST_KEY_UISupportedInterfaceOrientations_iPad = "UIInterfaceOrientationPortrait UIInterfaceOrientationPortraitUpsideDown UIInterfaceOrientationLandscapeLeft UIInterfaceOrientationLandscapeRight";
				INFOPLIST_KEY_UISupportedInterfaceOrientations_iPhone = "UIInterfaceOrientationPortrait UIInterfaceOrientationLandscapeLeft UIInterfaceOrientationLandscapeRight";
				IPHONEOS_DEPLOYMENT_TARGET = 17.0;
				LD_RUNPATH_SEARCH_PATHS = (
					"$(inherited)",
					"@executable_path/Frameworks",
				);
				MARKETING_VERSION = 1.0;
				PRODUCT_BUNDLE_IDENTIFIER = "com.proton0.OpenDEEZ-Controller";
				PRODUCT_NAME = "$(TARGET_NAME)";
				PROVISIONING_PROFILE_SPECIFIER = "";
				SWIFT_EMIT_LOC_STRINGS = YES;
				SWIFT_VERSION = 5.0;
				TARGETED_DEVICE_FAMILY = "1,2";
			};
			name = Release;
		};
		8EB5DDA12BC14B0000B38BB5 /* Debug */ = {
			isa = XCBuildConfiguration;
			buildSettings = {
				ALWAYS_EMBED_SWIFT_STANDARD_LIBRARIES = YES;
				BUNDLE_LOADER = "$(TEST_HOST)";
				CODE_SIGN_STYLE = Automatic;
				CURRENT_PROJECT_VERSION = 1;
				GENERATE_INFOPLIST_FILE = YES;
				IPHONEOS_DEPLOYMENT_TARGET = 17.4;
				MARKETING_VERSION = 1.0;
				PRODUCT_BUNDLE_IDENTIFIER = "com.proton0.OpenDEEZ-ControllerTests";
				PRODUCT_NAME = "$(TARGET_NAME)";
				SWIFT_EMIT_LOC_STRINGS = NO;
				SWIFT_VERSION = 5.0;
				TARGETED_DEVICE_FAMILY = "1,2";
				TEST_HOST = "$(BUILT_PRODUCTS_DIR)/OpenDEEZ Controller.app/$(BUNDLE_EXECUTABLE_FOLDER_PATH)/OpenDEEZ Controller";
			};
			name = Debug;
		};
		8EB5DDA22BC14B0000B38BB5 /* Release */ = {
			isa = XCBuildConfiguration;
			buildSettings = {
				ALWAYS_EMBED_SWIFT_STANDARD_LIBRARIES = YES;
				BUNDLE_LOADER = "$(TEST_HOST)";
				CODE_SIGN_STYLE = Automatic;
				CURRENT_PROJECT_VERSION = 1;
				GENERATE_INFOPLIST_FILE = YES;
				IPHONEOS_DEPLOYMENT_TARGET = 17.4;
				MARKETING_VERSION = 1.0;
				PRODUCT_BUNDLE_IDENTIFIER = "com.proton0.OpenDEEZ-ControllerTests";
				PRODUCT_NAME = "$(TARGET_NAME)";
				SWIFT_EMIT_LOC_STRINGS = NO;
				SWIFT_VERSION = 5.0;
				TARGETED_DEVICE_FAMILY = "1,2";
				TEST_HOST = "$(BUILT_PRODUCTS_DIR)/OpenDEEZ Controller.app/$(BUNDLE_EXECUTABLE_FOLDER_PATH)/OpenDEEZ Controller";
			};
			name = Release;
		};
		8EB5DDA42BC14B0000B38BB5 /* Debug */ = {
			isa = XCBuildConfiguration;
			buildSettings = {
				ALWAYS_EMBED_SWIFT_STANDARD_LIBRARIES = YES;
				CODE_SIGN_STYLE = Automatic;
				CURRENT_PROJECT_VERSION = 1;
				GENERATE_INFOPLIST_FILE = YES;
				MARKETING_VERSION = 1.0;
				PRODUCT_BUNDLE_IDENTIFIER = "com.proton0.OpenDEEZ-ControllerUITests";
				PRODUCT_NAME = "$(TARGET_NAME)";
				SWIFT_EMIT_LOC_STRINGS = NO;
				SWIFT_VERSION = 5.0;
				TARGETED_DEVICE_FAMILY = "1,2";
				TEST_TARGET_NAME = "OpenDEEZ Controller";
			};
			name = Debug;
		};
		8EB5DDA52BC14B0000B38BB5 /* Release */ = {
			isa = XCBuildConfiguration;
			buildSettings = {
				ALWAYS_EMBED_SWIFT_STANDARD_LIBRARIES = YES;
				CODE_SIGN_STYLE = Automatic;
				CURRENT_PROJECT_VERSION = 1;
				GENERATE_INFOPLIST_FILE = YES;
				MARKETING_VERSION = 1.0;
				PRODUCT_BUNDLE_IDENTIFIER = "com.proton0.OpenDEEZ-ControllerUITests";
				PRODUCT_NAME = "$(TARGET_NAME)";
				SWIFT_EMIT_LOC_STRINGS = NO;
				SWIFT_VERSION = 5.0;
				TARGETED_DEVICE_FAMILY = "1,2";
				TEST_TARGET_NAME = "OpenDEEZ Controller";
			};
			name = Release;
		};
/* End XCBuildConfiguration section */

/* Begin XCConfigurationList section */
		8EB5DD742BC14AFF00B38BB5 /* Build configuration list for PBXProject "OpenDEEZ Controller" */ = {
			isa = XCConfigurationList;
			buildConfigurations = (
				8EB5DD9B2BC14B0000B38BB5 /* Debug */,
				8EB5DD9C2BC14B0000B38BB5 /* Release */,
			);
			defaultConfigurationIsVisible = 0;
			defaultConfigurationName = Release;
		};
		8EB5DD9D2BC14B0000B38BB5 /* Build configuration list for PBXNativeTarget "OpenDEEZ Controller" */ = {
			isa = XCConfigurationList;
			buildConfigurations = (
				8EB5DD9E2BC14B0000B38BB5 /* Debug */,
				8EB5DD9F2BC14B0000B38BB5 /* Release */,
			);
			defaultConfigurationIsVisible = 0;
			defaultConfigurationName = Release;
		};
		8EB5DDA02BC14B0000B38BB5 /* Build configuration list for PBXNativeTarget "OpenDEEZ ControllerTests" */ = {
			isa = XCConfigurationList;
			buildConfigurations = (
				8EB5DDA12BC14B0000B38BB5 /* Debug */,
				8EB5DDA22BC14B0000B38BB5 /* Release */,
			);
			defaultConfigurationIsVisible = 0;
			defaultConfigurationName = Release;
		};
		8EB5DDA32BC14B0000B38BB5 /* Build configuration list for PBXNativeTarget "OpenDEEZ ControllerUITests" */ = {
			isa = XCConfigurationList;
			buildConfigurations = (
				8EB5DDA42BC14B0000B38BB5 /* Debug */,
				8EB5DDA52BC14B0000B38BB5 /* Release */,
			);
			defaultConfigurationIsVisible = 0;
			defaultConfigurationName = Release;
		};
/* End XCConfigurationList section */
	};
	rootObject = 8EB5DD712BC14AFF00B38BB5 /* Project object */;
}
